{
  "lockfileVersion": 1,
  "workspaces": {
    "": {
      "name": "font-subset",
      "dependencies": {
        "fontverter": "^2.0.0",
        "harfbuzzjs": "^0.4.7",
        "wawoff2": "^2.0.1",
      },
      "devDependencies": {
        "@types/bun": "^1.2.9",
        "@types/wawoff2": "^1.0.2",
      },
      "peerDependencies": {
        "typescript": "^5.8.3",
      },
    },
  },
  "packages": {
    "@types/bun": ["@types/bun@1.2.9", "", { "dependencies": { "bun-types": "1.2.9" } }, "sha512-epShhLGQYc4Bv/aceHbmBhOz1XgUnuTZgcxjxk+WXwNyDXavv5QHD1QEFV0FwbTSQtNq6g4ZcV6y0vZakTjswg=="],

    "@types/node": ["@types/node@22.14.1", "", { "dependencies": { "undici-types": "~6.21.0" } }, "sha512-u0HuPQwe/dHrItgHHpmw3N2fYCR6x4ivMNbPHRkBVP4CvN+kiRrKHWk3i8tXiO/joPwXLMYvF9TTF0eqgHIuOw=="],

    "@types/wawoff2": ["@types/wawoff2@1.0.2", "", { "dependencies": { "@types/node": "*" } }, "sha512-UVq4NxMuBywz5gklafg1HcENrK02trh/q+ifyvO6xktflGXRtf11GYsia3/l5nxg2edFQRlnUT6ivnk898WDiw=="],

    "@types/ws": ["@types/ws@8.18.1", "", { "dependencies": { "@types/node": "*" } }, "sha512-ThVF6DCVhA8kUGy+aazFQ4kXQ7E1Ty7A3ypFOe0IcJV8O/M511G99AW24irKrW56Wt44yG9+ij8FaqoBGkuBXg=="],

    "argparse": ["argparse@2.0.1", "", {}, "sha512-8+9WqebbFzpX9OR+Wa6O29asIogeRMzcGtAINdpMHHyAg10f05aSFVBbcEqGf/PXw1EjAZ+q2/bEBg3DvurK3Q=="],

    "bun-types": ["bun-types@1.2.9", "", { "dependencies": { "@types/node": "*", "@types/ws": "*" } }, "sha512-dk/kOEfQbajENN/D6FyiSgOKEuUi9PWfqKQJEgwKrCMWbjS/S6tEXp178mWvWAcUSYm9ArDlWHZKO3T/4cLXiw=="],

    "fontverter": ["fontverter@2.0.0", "", { "dependencies": { "wawoff2": "^2.0.0", "woff2sfnt-sfnt2woff": "^1.0.0" } }, "sha512-DFVX5hvXuhi1Jven1tbpebYTCT9XYnvx6/Z+HFUPb7ZRMCW+pj2clU9VMhoTPgWKPhAs7JJDSk3CW1jNUvKCZQ=="],

    "harfbuzzjs": ["harfbuzzjs@0.4.7", "", {}, "sha512-fGrMB7gk+x1ye++cN+OgDnHLLz8wg6aW26VPb8Q14V6XeZKGC0BCALe+ZEnwASU/b+YprBnRTELMJAlwy9jrLw=="],

    "pako": ["pako@1.0.11", "", {}, "sha512-4hLB8Py4zZce5s4yd9XzopqwVv/yGNhV1Bl8NTmCq1763HeK2+EwVTv+leGeL13Dnh2wfbqowVPXCIO0z4taYw=="],

    "typescript": ["typescript@5.8.3", "", { "bin": { "tsc": "bin/tsc", "tsserver": "bin/tsserver" } }, "sha512-p1diW6TqL9L07nNxvRMM7hMMw4c5XOo/1ibL4aAIGmSAt9slTE1Xgw5KWuof2uTOvCg9BY7ZRi+GaF+7sfgPeQ=="],

    "undici-types": ["undici-types@6.21.0", "", {}, "sha512-iwDZqg0QAGrg9Rav5H4n0M64c3mkR59cJ6wQp+7C4nI0gsmExaedaYLNO44eT4AtBBwjbTiGPMlt2Md0T9H9JQ=="],

    "wawoff2": ["wawoff2@2.0.1", "", { "dependencies": { "argparse": "^2.0.1" }, "bin": { "woff2_compress.js": "bin/woff2_compress.js", "woff2_decompress.js": "bin/woff2_decompress.js" } }, "sha512-r0CEmvpH63r4T15ebFqeOjGqU4+EgTx4I510NtK35EMciSdcTxCw3Byy3JnBonz7iyIFZ0AbVo0bbFpEVuhCYA=="],

    "woff2sfnt-sfnt2woff": ["woff2sfnt-sfnt2woff@1.0.0", "", { "dependencies": { "pako": "^1.0.7" } }, "sha512-edK4COc1c1EpRfMqCZO1xJOvdUtM5dbVb9iz97rScvnTevqEB3GllnLWCmMVp1MfQBdF1DFg/11I0rSyAdS4qQ=="],
  }
}
